# This file is autogenerated, do not edit; changes may be undone by the next 'dep ensure'.


[[projects]]
  name = "github.com/Clever/leakybucket"
  packages = [".","memory","redis"]
  revision = "953bb57c0dc32ad58eb5e6f195616059755845d8"

[[projects]]
  name = "github.com/garyburd/redigo"
  packages = ["internal","redis"]
  revision = "9d4db5d1dbeff473d50e1bb82f5405c8cca0f0ac"

[[projects]]
  name = "github.com/pborman/uuid"
  packages = ["."]
  revision = "c55201b036063326c5b1b89ccfe45a184973d073"

[[projects]]
  name = "github.com/stretchr/objx"
  packages = ["."]
  revision = "cbeaeb16a013161a98496fad62933b1d21786672"

[[projects]]
  name = "github.com/stretchr/testify"
  packages = ["assert","mock"]
  revision = "ddcad49ec6b8f31bc3daf3a1fbea7eac58d61ff0"

[[projects]]
  name = "github.com/xeipuuv/gojsonpointer"
  packages = ["."]
  revision = "e0fe6f68307607d540ed8eac07a342c33fa1b54a"

[[projects]]
  branch = "master"
  name = "github.com/xeipuuv/gojsonreference"
  packages = ["."]
  revision = "e02fc20de94c78484cd5ffb007f8af96be030a45"

[[projects]]
  name = "github.com/xeipuuv/gojsonschema"
  packages = ["."]
  revision = "00f9fafb54d2244d291b86ab63d12c38bd5c3886"

[[projects]]
  name = "gopkg.in/Clever/kayvee-go.v6"
  packages = [".","logger","middleware","router"]
  revision = "096364e316a52652d3493be702d8105d8d01db84"
  version = "v6.6.0"

[[projects]]
  name = "gopkg.in/tylerb/graceful.v1"
  packages = ["."]
  revision = "4654dfbb6ad53cb5e27f37d99b02e16c1872fbbb"
  version = "v1.2.15"

[[projects]]
  branch = "v1"
  name = "gopkg.in/yaml.v1"
  packages = ["."]
  revision = "9f9df34309c04878acc86042b16630b0f696e1de"

[[projects]]
  name = "gopkg.in/yaml.v2"
  packages = ["."]
  revision = "49c95bdc21843256fb6c4e0d370a05f24a0bf213"

[solve-meta]
  analyzer-name = "dep"
  analyzer-version = 1
  inputs-digest = "ea120c4cb72c3120dec6e5184ba2a59abbaec4138f40e07fbb5ce65abdeb249f"
  solver-name = "gps-cdcl"
  solver-version = 1
